# THIS IS AN AUTOGENERATED FILE. DO NOT EDIT THIS FILE DIRECTLY.
# yarn lockfile v1


"@apollo/protobufjs@1.2.6":
  version "1.2.6"
  resolved "https://registry.yarnpkg.com/@apollo/protobufjs/-/protobufjs-1.2.6.tgz#d601e65211e06ae1432bf5993a1a0105f2862f27"
  dependencies:
    "@protobufjs/aspromise" "^1.1.2"
    "@protobufjs/base64" "^1.1.2"
    "@protobufjs/codegen" "^2.0.4"
    "@protobufjs/eventemitter" "^1.1.0"
    "@protobufjs/fetch" "^1.1.0"
    "@protobufjs/float" "^1.0.2"
    "@protobufjs/inquire" "^1.1.0"
    "@protobufjs/path" "^1.1.2"
    "@protobufjs/pool" "^1.1.0"
    "@protobufjs/utf8" "^1.1.0"
    "@types/long" "^4.0.0"
    "@types/node" "^10.1.0"
    long "^4.0.0"

"@apollo/utils.dropunuseddefinitions@^1.1.0":
  version "1.1.0"
  resolved "https://registry.yarnpkg.com/@apollo/utils.dropunuseddefinitions/-/utils.dropunuseddefinitions-1.1.0.tgz#02b04006442eaf037f4c4624146b12775d70d929"

"@apollo/utils.keyvaluecache@^1.0.1":
  version "1.0.1"
  resolved "https://registry.yarnpkg.com/@apollo/utils.keyvaluecache/-/utils.keyvaluecache-1.0.1.tgz#46f310f859067efe9fa126156c6954f8381080d2"
  dependencies:
    "@apollo/utils.logger" "^1.0.0"
    lru-cache "^7.10.1"

"@apollo/utils.logger@^1.0.0":
  version "1.0.1"
  resolved "https://registry.yarnpkg.com/@apollo/utils.logger/-/utils.logger-1.0.1.tgz#aea0d1bb7ceb237f506c6bbf38f10a555b99a695"

"@apollo/utils.printwithreducedwhitespace@^1.1.0":
  version "1.1.0"
  resolved "https://registry.yarnpkg.com/@apollo/utils.printwithreducedwhitespace/-/utils.printwithreducedwhitespace-1.1.0.tgz#c466299a4766eef8577a2a64c8f27712e8bd7e30"

"@apollo/utils.removealiases@1.0.0":
  version "1.0.0"
  resolved "https://registry.yarnpkg.com/@apollo/utils.removealiases/-/utils.removealiases-1.0.0.tgz#75f6d83098af1fcae2d3beb4f515ad4a8452a8c1"

"@apollo/utils.sortast@^1.1.0":
  version "1.1.0"
  resolved "https://registry.yarnpkg.com/@apollo/utils.sortast/-/utils.sortast-1.1.0.tgz#93218c7008daf3e2a0725196085a33f5aab5ad07"
  dependencies:
    lodash.sortby "^4.7.0"

"@apollo/utils.stripsensitiveliterals@^1.2.0":
  version "1.2.0"
  resolved "https://registry.yarnpkg.com/@apollo/utils.stripsensitiveliterals/-/utils.stripsensitiveliterals-1.2.0.tgz#4920651f36beee8e260e12031a0c5863ad0c7b28"

"@apollo/utils.usagereporting@^1.0.0":
  version "1.0.0"
  resolved "https://registry.yarnpkg.com/@apollo/utils.usagereporting/-/utils.usagereporting-1.0.0.tgz#b81df180f4ca78b91a22cb49105174a7f070db1e"
  dependencies:
    "@apollo/utils.dropunuseddefinitions" "^1.1.0"
    "@apollo/utils.printwithreducedwhitespace" "^1.1.0"
    "@apollo/utils.removealiases" "1.0.0"
    "@apollo/utils.sortast" "^1.1.0"
    "@apollo/utils.stripsensitiveliterals" "^1.2.0"
    apollo-reporting-protobuf "^3.3.1"

"@apollographql/apollo-tools@^0.5.3":
  version "0.5.4"
  resolved "https://registry.yarnpkg.com/@apollographql/apollo-tools/-/apollo-tools-0.5.4.tgz#cb3998c6cf12e494b90c733f44dd9935e2d8196c"

"@apollographql/graphql-playground-html@1.6.29":
  version "1.6.29"
  resolved "https://registry.yarnpkg.com/@apollographql/graphql-playground-html/-/graphql-playground-html-1.6.29.tgz#a7a646614a255f62e10dcf64a7f68ead41dec453"
  dependencies:
    xss "^1.0.8"

"@graphql-tools/merge@8.3.1":
  version "8.3.1"
  resolved "https://registry.yarnpkg.com/@graphql-tools/merge/-/merge-8.3.1.tgz#06121942ad28982a14635dbc87b5d488a041d722"
  dependencies:
    "@graphql-tools/utils" "8.9.0"
    tslib "^2.4.0"

"@graphql-tools/merge@8.3.10":
  version "8.3.10"
  resolved "https://registry.yarnpkg.com/@graphql-tools/merge/-/merge-8.3.10.tgz#81f374bc1e8c81d45cb1003d8ed05f181b7e6bd5"
  dependencies:
    "@graphql-tools/utils" "9.0.1"
    tslib "^2.4.0"

"@graphql-tools/mock@^8.1.2":
  version "8.7.10"
  resolved "https://registry.yarnpkg.com/@graphql-tools/mock/-/mock-8.7.10.tgz#1a277f29ba96b8111c063eb6f5899df441be786d"
  dependencies:
    "@graphql-tools/schema" "9.0.8"
    "@graphql-tools/utils" "9.0.1"
    fast-json-stable-stringify "^2.1.0"
    tslib "^2.4.0"

"@graphql-tools/schema@9.0.8":
  version "9.0.8"
  resolved "https://registry.yarnpkg.com/@graphql-tools/schema/-/schema-9.0.8.tgz#df3119c8543e6dacf425998f83aa714e2ee86eb0"
  dependencies:
    "@graphql-tools/merge" "8.3.10"
    "@graphql-tools/utils" "9.0.1"
    tslib "^2.4.0"
    value-or-promise "1.0.11"

"@graphql-tools/schema@^8.0.0":
  version "8.5.1"
  resolved "https://registry.yarnpkg.com/@graphql-tools/schema/-/schema-8.5.1.tgz#c2f2ff1448380919a330312399c9471db2580b58"
  dependencies:
    "@graphql-tools/merge" "8.3.1"
    "@graphql-tools/utils" "8.9.0"
    tslib "^2.4.0"
    value-or-promise "1.0.11"

"@graphql-tools/utils@8.9.0":
  version "8.9.0"
  resolved "https://registry.yarnpkg.com/@graphql-tools/utils/-/utils-8.9.0.tgz#c6aa5f651c9c99e1aca55510af21b56ec296cdb7"
  dependencies:
    tslib "^2.4.0"

"@graphql-tools/utils@9.0.1":
  version "9.0.1"
  resolved "https://registry.yarnpkg.com/@graphql-tools/utils/-/utils-9.0.1.tgz#04933b34c3435ef9add4f8bdfdf452040376f9d0"
  dependencies:
    tslib "^2.4.0"

"@josephg/resolvable@^1.0.0":
  version "1.0.1"
  resolved "https://registry.yarnpkg.com/@josephg/resolvable/-/resolvable-1.0.1.tgz#69bc4db754d79e1a2f17a650d3466e038d94a5eb"

"@protobufjs/aspromise@^1.1.1", "@protobufjs/aspromise@^1.1.2":
  version "1.1.2"
  resolved "https://registry.yarnpkg.com/@protobufjs/aspromise/-/aspromise-1.1.2.tgz#9b8b0cc663d669a7d8f6f5d0893a14d348f30fbf"

"@protobufjs/base64@^1.1.2":
  version "1.1.2"
  resolved "https://registry.yarnpkg.com/@protobufjs/base64/-/base64-1.1.2.tgz#4c85730e59b9a1f1f349047dbf24296034bb2735"

"@protobufjs/codegen@^2.0.4":
  version "2.0.4"
  resolved "https://registry.yarnpkg.com/@protobufjs/codegen/-/codegen-2.0.4.tgz#7ef37f0d010fb028ad1ad59722e506d9262815cb"

"@protobufjs/eventemitter@^1.1.0":
  version "1.1.0"
  resolved "https://registry.yarnpkg.com/@protobufjs/eventemitter/-/eventemitter-1.1.0.tgz#355cbc98bafad5978f9ed095f397621f1d066b70"

"@protobufjs/fetch@^1.1.0":
  version "1.1.0"
  resolved "https://registry.yarnpkg.com/@protobufjs/fetch/-/fetch-1.1.0.tgz#ba99fb598614af65700c1619ff06d454b0d84c45"
  dependencies:
    "@protobufjs/aspromise" "^1.1.1"
    "@protobufjs/inquire" "^1.1.0"

"@protobufjs/float@^1.0.2":
  version "1.0.2"
  resolved "https://registry.yarnpkg.com/@protobufjs/float/-/float-1.0.2.tgz#5e9e1abdcb73fc0a7cb8b291df78c8cbd97b87d1"

"@protobufjs/inquire@^1.1.0":
  version "1.1.0"
  resolved "https://registry.yarnpkg.com/@protobufjs/inquire/-/inquire-1.1.0.tgz#ff200e3e7cf2429e2dcafc1140828e8cc638f089"

"@protobufjs/path@^1.1.2":
  version "1.1.2"
  resolved "https://registry.yarnpkg.com/@protobufjs/path/-/path-1.1.2.tgz#6cc2b20c5c9ad6ad0dccfd21ca7673d8d7fbf68d"

"@protobufjs/pool@^1.1.0":
  version "1.1.0"
  resolved "https://registry.yarnpkg.com/@protobufjs/pool/-/pool-1.1.0.tgz#09fd15f2d6d3abfa9b65bc366506d6ad7846ff54"

"@protobufjs/utf8@^1.1.0":
  version "1.1.0"
  resolved "https://registry.yarnpkg.com/@protobufjs/utf8/-/utf8-1.1.0.tgz#a777360b5b39a1a2e5106f8e858f2fd2d060c570"

"@sqltools/formatter@^1.2.2":
  version "1.2.3"
  resolved "https://registry.npmjs.org/@sqltools/formatter/-/formatter-1.2.3.tgz"

"@types/accepts@^1.3.5":
  version "1.3.5"
  resolved "https://registry.npmjs.org/@types/accepts/-/accepts-1.3.5.tgz"
  dependencies:
    "@types/node" "*"

"@types/bcryptjs@^2.4.2":
  version "2.4.2"
  resolved "https://registry.npmjs.org/@types/bcryptjs/-/bcryptjs-2.4.2.tgz"

"@types/body-parser@*", "@types/body-parser@1.19.1":
  version "1.19.1"
  resolved "https://registry.npmjs.org/@types/body-parser/-/body-parser-1.19.1.tgz"
  dependencies:
    "@types/connect" "*"
    "@types/node" "*"

"@types/connect@*":
  version "3.4.35"
  resolved "https://registry.npmjs.org/@types/connect/-/connect-3.4.35.tgz"
  dependencies:
    "@types/node" "*"

"@types/cors@2.8.12":
  version "2.8.12"
  resolved "https://registry.npmjs.org/@types/cors/-/cors-2.8.12.tgz"

"@types/express-serve-static-core@4.17.24", "@types/express-serve-static-core@^4.17.18":
  version "4.17.24"
  resolved "https://registry.npmjs.org/@types/express-serve-static-core/-/express-serve-static-core-4.17.24.tgz"
  dependencies:
    "@types/node" "*"
    "@types/qs" "*"
    "@types/range-parser" "*"

"@types/express@4.17.13", "@types/express@^4.17.13":
  version "4.17.13"
  resolved "https://registry.npmjs.org/@types/express/-/express-4.17.13.tgz"
  dependencies:
    "@types/body-parser" "*"
    "@types/express-serve-static-core" "^4.17.18"
    "@types/qs" "*"
    "@types/serve-static" "*"

"@types/glob@^7.1.3":
  version "7.2.0"
  resolved "https://registry.npmjs.org/@types/glob/-/glob-7.2.0.tgz"
  dependencies:
    "@types/minimatch" "*"
    "@types/node" "*"

"@types/long@^4.0.0":
  version "4.0.2"
  resolved "https://registry.yarnpkg.com/@types/long/-/long-4.0.2.tgz#b74129719fc8d11c01868010082d483b7545591a"

"@types/mime@^1":
  version "1.3.2"
  resolved "https://registry.npmjs.org/@types/mime/-/mime-1.3.2.tgz"

"@types/minimatch@*":
  version "3.0.5"
  resolved "https://registry.npmjs.org/@types/minimatch/-/minimatch-3.0.5.tgz"

"@types/node@*":
  version "16.11.6"
  resolved "https://registry.npmjs.org/@types/node/-/node-16.11.6.tgz"

"@types/node@^10.1.0":
  version "10.17.60"
  resolved "https://registry.yarnpkg.com/@types/node/-/node-10.17.60.tgz#35f3d6213daed95da7f0f73e75bcc6980e90597b"

"@types/qs@*":
  version "6.9.7"
  resolved "https://registry.npmjs.org/@types/qs/-/qs-6.9.7.tgz"

"@types/range-parser@*":
  version "1.2.4"
  resolved "https://registry.npmjs.org/@types/range-parser/-/range-parser-1.2.4.tgz"

"@types/semver@^7.3.3":
  version "7.3.9"
  resolved "https://registry.npmjs.org/@types/semver/-/semver-7.3.9.tgz"

"@types/serve-static@*":
  version "1.13.10"
  resolved "https://registry.npmjs.org/@types/serve-static/-/serve-static-1.13.10.tgz"
  dependencies:
    "@types/mime" "^1"
    "@types/node" "*"

"@types/strip-bom@^3.0.0":
  version "3.0.0"
  resolved "https://registry.npmjs.org/@types/strip-bom/-/strip-bom-3.0.0.tgz"

"@types/strip-json-comments@0.0.30":
  version "0.0.30"
  resolved "https://registry.npmjs.org/@types/strip-json-comments/-/strip-json-comments-0.0.30.tgz"

"@types/validator@^13.1.3":
  version "13.6.6"
  resolved "https://registry.npmjs.org/@types/validator/-/validator-13.6.6.tgz"

"@types/zen-observable@0.8.3":
  version "0.8.3"
  resolved "https://registry.npmjs.org/@types/zen-observable/-/zen-observable-0.8.3.tgz"

accepts@^1.3.5, accepts@~1.3.7:
  version "1.3.7"
  resolved "https://registry.npmjs.org/accepts/-/accepts-1.3.7.tgz"
  dependencies:
    mime-types "~2.1.24"
    negotiator "0.6.2"

ansi-regex@^2.0.0:
  version "2.1.1"
  resolved "https://registry.npmjs.org/ansi-regex/-/ansi-regex-2.1.1.tgz"

ansi-regex@^5.0.1:
  version "5.0.1"
  resolved "https://registry.npmjs.org/ansi-regex/-/ansi-regex-5.0.1.tgz"

ansi-styles@^2.2.1:
  version "2.2.1"
  resolved "https://registry.npmjs.org/ansi-styles/-/ansi-styles-2.2.1.tgz"

ansi-styles@^4.0.0, ansi-styles@^4.1.0:
  version "4.3.0"
  resolved "https://registry.npmjs.org/ansi-styles/-/ansi-styles-4.3.0.tgz"
  dependencies:
    color-convert "^2.0.1"

any-promise@^1.0.0:
  version "1.3.0"
  resolved "https://registry.npmjs.org/any-promise/-/any-promise-1.3.0.tgz"

anymatch@~3.1.2:
  version "3.1.2"
  resolved "https://registry.npmjs.org/anymatch/-/anymatch-3.1.2.tgz"
  dependencies:
    normalize-path "^3.0.0"
    picomatch "^2.0.4"

apollo-datasource@^3.3.2:
  version "3.3.2"
  resolved "https://registry.yarnpkg.com/apollo-datasource/-/apollo-datasource-3.3.2.tgz#5711f8b38d4b7b53fb788cb4dbd4a6a526ea74c8"
  dependencies:
    "@apollo/utils.keyvaluecache" "^1.0.1"
    apollo-server-env "^4.2.1"

apollo-reporting-protobuf@^3.3.1, apollo-reporting-protobuf@^3.3.3:
  version "3.3.3"
  resolved "https://registry.yarnpkg.com/apollo-reporting-protobuf/-/apollo-reporting-protobuf-3.3.3.tgz#df2b7ff73422cd682af3f1805d32301aefdd9e89"
  dependencies:
    "@apollo/protobufjs" "1.2.6"

apollo-server-core@^3.4.1:
  version "3.11.0"
  resolved "https://registry.yarnpkg.com/apollo-server-core/-/apollo-server-core-3.11.0.tgz#dbbf4c03ac0fdd8774e03c1f4f0d1ea1448b743c"
  dependencies:
    "@apollo/utils.keyvaluecache" "^1.0.1"
    "@apollo/utils.logger" "^1.0.0"
    "@apollo/utils.usagereporting" "^1.0.0"
    "@apollographql/apollo-tools" "^0.5.3"
    "@apollographql/graphql-playground-html" "1.6.29"
    "@graphql-tools/mock" "^8.1.2"
    "@graphql-tools/schema" "^8.0.0"
    "@josephg/resolvable" "^1.0.0"
    apollo-datasource "^3.3.2"
    apollo-reporting-protobuf "^3.3.3"
    apollo-server-env "^4.2.1"
    apollo-server-errors "^3.3.1"
    apollo-server-plugin-base "^3.7.0"
    apollo-server-types "^3.7.0"
    async-retry "^1.2.1"
    fast-json-stable-stringify "^2.1.0"
    graphql-tag "^2.11.0"
    loglevel "^1.6.8"
    lru-cache "^6.0.0"
    node-abort-controller "^3.0.1"
    sha.js "^2.4.11"
    uuid "^9.0.0"
    whatwg-mimetype "^3.0.0"

apollo-server-env@^4.2.1:
  version "4.2.1"
  resolved "https://registry.yarnpkg.com/apollo-server-env/-/apollo-server-env-4.2.1.tgz#ea5b1944accdbdba311f179e4dfaeca482c20185"
  dependencies:
    node-fetch "^2.6.7"

apollo-server-errors@^3.3.1:
  version "3.3.1"
  resolved "https://registry.yarnpkg.com/apollo-server-errors/-/apollo-server-errors-3.3.1.tgz#ba5c00cdaa33d4cbd09779f8cb6f47475d1cd655"

apollo-server-express@^3.4.1:
  version "3.4.1"
  resolved "https://registry.npmjs.org/apollo-server-express/-/apollo-server-express-3.4.1.tgz"
  dependencies:
    "@types/accepts" "^1.3.5"
    "@types/body-parser" "1.19.1"
    "@types/cors" "2.8.12"
    "@types/express" "4.17.13"
    "@types/express-serve-static-core" "4.17.24"
    accepts "^1.3.5"
    apollo-server-core "^3.4.1"
    apollo-server-types "^3.3.0"
    body-parser "^1.19.0"
    cors "^2.8.5"
    parseurl "^1.3.3"

apollo-server-plugin-base@^3.7.0:
  version "3.7.0"
  resolved "https://registry.yarnpkg.com/apollo-server-plugin-base/-/apollo-server-plugin-base-3.7.0.tgz#b7170c2be0344d5f4382fea951f6d1dd274d6635"
  dependencies:
    apollo-server-types "^3.7.0"

apollo-server-types@^3.3.0, apollo-server-types@^3.7.0:
  version "3.7.0"
  resolved "https://registry.yarnpkg.com/apollo-server-types/-/apollo-server-types-3.7.0.tgz#5a6f6f05a3c2ed937ad339b91665248dad957733"
  dependencies:
    "@apollo/utils.keyvaluecache" "^1.0.1"
    "@apollo/utils.logger" "^1.0.0"
    apollo-reporting-protobuf "^3.3.3"
    apollo-server-env "^4.2.1"

app-root-path@^3.0.0:
  version "3.0.0"
  resolved "https://registry.npmjs.org/app-root-path/-/app-root-path-3.0.0.tgz"

arg@^4.1.0:
  version "4.1.3"
  resolved "https://registry.npmjs.org/arg/-/arg-4.1.3.tgz"

argparse@^2.0.1:
  version "2.0.1"
  resolved "https://registry.npmjs.org/argparse/-/argparse-2.0.1.tgz"

array-flatten@1.1.1:
  version "1.1.1"
  resolved "https://registry.npmjs.org/array-flatten/-/array-flatten-1.1.1.tgz"

async-retry@^1.2.1:
  version "1.3.3"
  resolved "https://registry.yarnpkg.com/async-retry/-/async-retry-1.3.3.tgz#0e7f36c04d8478e7a58bdbed80cedf977785f280"
  dependencies:
    retry "0.13.1"

balanced-match@^1.0.0:
  version "1.0.2"
  resolved "https://registry.npmjs.org/balanced-match/-/balanced-match-1.0.2.tgz"

base64-js@^1.3.1:
  version "1.5.1"
  resolved "https://registry.npmjs.org/base64-js/-/base64-js-1.5.1.tgz"

bcryptjs@^2.4.3:
  version "2.4.3"
  resolved "https://registry.npmjs.org/bcryptjs/-/bcryptjs-2.4.3.tgz"

binary-extensions@^2.0.0:
  version "2.2.0"
  resolved "https://registry.npmjs.org/binary-extensions/-/binary-extensions-2.2.0.tgz"

body-parser@1.19.0, body-parser@^1.19.0:
  version "1.19.0"
  resolved "https://registry.npmjs.org/body-parser/-/body-parser-1.19.0.tgz"
  dependencies:
    bytes "3.1.0"
    content-type "~1.0.4"
    debug "2.6.9"
    depd "~1.1.2"
    http-errors "1.7.2"
    iconv-lite "0.4.24"
    on-finished "~2.3.0"
    qs "6.7.0"
    raw-body "2.4.0"
    type-is "~1.6.17"

brace-expansion@^1.1.7:
  version "1.1.11"
  resolved "https://registry.npmjs.org/brace-expansion/-/brace-expansion-1.1.11.tgz"
  dependencies:
    balanced-match "^1.0.0"
    concat-map "0.0.1"

braces@~3.0.2:
  version "3.0.2"
  resolved "https://registry.npmjs.org/braces/-/braces-3.0.2.tgz"
  dependencies:
    fill-range "^7.0.1"

buffer-from@^1.0.0:
  version "1.1.2"
  resolved "https://registry.npmjs.org/buffer-from/-/buffer-from-1.1.2.tgz"

buffer-writer@2.0.0:
  version "2.0.0"
  resolved "https://registry.npmjs.org/buffer-writer/-/buffer-writer-2.0.0.tgz"

buffer@^6.0.3:
  version "6.0.3"
  resolved "https://registry.npmjs.org/buffer/-/buffer-6.0.3.tgz"
  dependencies:
    base64-js "^1.3.1"
    ieee754 "^1.2.1"

bytes@3.1.0:
  version "3.1.0"
  resolved "https://registry.npmjs.org/bytes/-/bytes-3.1.0.tgz"

chalk@^1.1.1:
  version "1.1.3"
  resolved "https://registry.npmjs.org/chalk/-/chalk-1.1.3.tgz"
  dependencies:
    ansi-styles "^2.2.1"
    escape-string-regexp "^1.0.2"
    has-ansi "^2.0.0"
    strip-ansi "^3.0.0"
    supports-color "^2.0.0"

chalk@^4.0.0, chalk@^4.1.0:
  version "4.1.2"
  resolved "https://registry.npmjs.org/chalk/-/chalk-4.1.2.tgz"
  dependencies:
    ansi-styles "^4.1.0"
    supports-color "^7.1.0"

chokidar@^3.5.1:
  version "3.5.2"
  resolved "https://registry.npmjs.org/chokidar/-/chokidar-3.5.2.tgz"
  dependencies:
    anymatch "~3.1.2"
    braces "~3.0.2"
    glob-parent "~5.1.2"
    is-binary-path "~2.1.0"
    is-glob "~4.0.1"
    normalize-path "~3.0.0"
    readdirp "~3.6.0"
  optionalDependencies:
    fsevents "~2.3.2"

class-validator@^0.13.1:
  version "0.13.1"
  resolved "https://registry.npmjs.org/class-validator/-/class-validator-0.13.1.tgz"
  dependencies:
    "@types/validator" "^13.1.3"
    libphonenumber-js "^1.9.7"
    validator "^13.5.2"

cli-highlight@^2.1.11:
  version "2.1.11"
  resolved "https://registry.npmjs.org/cli-highlight/-/cli-highlight-2.1.11.tgz"
  dependencies:
    chalk "^4.0.0"
    highlight.js "^10.7.1"
    mz "^2.4.0"
    parse5 "^5.1.1"
    parse5-htmlparser2-tree-adapter "^6.0.0"
    yargs "^16.0.0"

cliui@^7.0.2:
  version "7.0.4"
  resolved "https://registry.npmjs.org/cliui/-/cliui-7.0.4.tgz"
  dependencies:
    string-width "^4.2.0"
    strip-ansi "^6.0.0"
    wrap-ansi "^7.0.0"

color-convert@^2.0.1:
  version "2.0.1"
  resolved "https://registry.npmjs.org/color-convert/-/color-convert-2.0.1.tgz"
  dependencies:
    color-name "~1.1.4"

color-name@~1.1.4:
  version "1.1.4"
  resolved "https://registry.npmjs.org/color-name/-/color-name-1.1.4.tgz"

commander@^2.20.3:
  version "2.20.3"
  resolved "https://registry.yarnpkg.com/commander/-/commander-2.20.3.tgz#fd485e84c03eb4881c20722ba48035e8531aeb33"

concat-map@0.0.1:
  version "0.0.1"
  resolved "https://registry.npmjs.org/concat-map/-/concat-map-0.0.1.tgz"

content-disposition@0.5.3:
  version "0.5.3"
  resolved "https://registry.npmjs.org/content-disposition/-/content-disposition-0.5.3.tgz"
  dependencies:
    safe-buffer "5.1.2"

content-type@~1.0.4:
  version "1.0.4"
  resolved "https://registry.npmjs.org/content-type/-/content-type-1.0.4.tgz"

cookie-signature@1.0.6:
  version "1.0.6"
  resolved "https://registry.npmjs.org/cookie-signature/-/cookie-signature-1.0.6.tgz"

cookie@0.4.0:
  version "0.4.0"
  resolved "https://registry.npmjs.org/cookie/-/cookie-0.4.0.tgz"

cors@^2.8.5:
  version "2.8.5"
  resolved "https://registry.npmjs.org/cors/-/cors-2.8.5.tgz"
  dependencies:
    object-assign "^4"
    vary "^1"

create-require@^1.1.0:
  version "1.1.1"
  resolved "https://registry.npmjs.org/create-require/-/create-require-1.1.1.tgz"

cssfilter@0.0.10:
  version "0.0.10"
  resolved "https://registry.yarnpkg.com/cssfilter/-/cssfilter-0.0.10.tgz#c6d2672632a2e5c83e013e6864a42ce8defd20ae"

debug@2.6.9:
  version "2.6.9"
  resolved "https://registry.npmjs.org/debug/-/debug-2.6.9.tgz"
  dependencies:
    ms "2.0.0"

debug@^4.3.1:
  version "4.3.2"
  resolved "https://registry.npmjs.org/debug/-/debug-4.3.2.tgz"
  dependencies:
    ms "2.1.2"

depd@~1.1.2:
  version "1.1.2"
  resolved "https://registry.npmjs.org/depd/-/depd-1.1.2.tgz"

destroy@~1.0.4:
  version "1.0.4"
  resolved "https://registry.npmjs.org/destroy/-/destroy-1.0.4.tgz"

diff@^4.0.1:
  version "4.0.2"
  resolved "https://registry.npmjs.org/diff/-/diff-4.0.2.tgz"

dotenv@^8.2.0:
  version "8.6.0"
  resolved "https://registry.npmjs.org/dotenv/-/dotenv-8.6.0.tgz"

dynamic-dedupe@^0.3.0:
  version "0.3.0"
  resolved "https://registry.npmjs.org/dynamic-dedupe/-/dynamic-dedupe-0.3.0.tgz"
  dependencies:
    xtend "^4.0.0"

ee-first@1.1.1:
  version "1.1.1"
  resolved "https://registry.npmjs.org/ee-first/-/ee-first-1.1.1.tgz"

emoji-regex@^8.0.0:
  version "8.0.0"
  resolved "https://registry.npmjs.org/emoji-regex/-/emoji-regex-8.0.0.tgz"

encodeurl@~1.0.2:
  version "1.0.2"
  resolved "https://registry.npmjs.org/encodeurl/-/encodeurl-1.0.2.tgz"

escalade@^3.1.1:
  version "3.1.1"
  resolved "https://registry.npmjs.org/escalade/-/escalade-3.1.1.tgz"

escape-html@~1.0.3:
  version "1.0.3"
  resolved "https://registry.npmjs.org/escape-html/-/escape-html-1.0.3.tgz"

escape-string-regexp@^1.0.2:
  version "1.0.5"
  resolved "https://registry.npmjs.org/escape-string-regexp/-/escape-string-regexp-1.0.5.tgz"

etag@~1.8.1:
  version "1.8.1"
  resolved "https://registry.npmjs.org/etag/-/etag-1.8.1.tgz"

express@^4.17.1:
  version "4.17.1"
  resolved "https://registry.npmjs.org/express/-/express-4.17.1.tgz"
  dependencies:
    accepts "~1.3.7"
    array-flatten "1.1.1"
    body-parser "1.19.0"
    content-disposition "0.5.3"
    content-type "~1.0.4"
    cookie "0.4.0"
    cookie-signature "1.0.6"
    debug "2.6.9"
    depd "~1.1.2"
    encodeurl "~1.0.2"
    escape-html "~1.0.3"
    etag "~1.8.1"
    finalhandler "~1.1.2"
    fresh "0.5.2"
    merge-descriptors "1.0.1"
    methods "~1.1.2"
    on-finished "~2.3.0"
    parseurl "~1.3.3"
    path-to-regexp "0.1.7"
    proxy-addr "~2.0.5"
    qs "6.7.0"
    range-parser "~1.2.1"
    safe-buffer "5.1.2"
    send "0.17.1"
    serve-static "1.14.1"
    setprototypeof "1.1.1"
    statuses "~1.5.0"
    type-is "~1.6.18"
    utils-merge "1.0.1"
    vary "~1.1.2"

fast-json-stable-stringify@^2.1.0:
  version "2.1.0"
  resolved "https://registry.yarnpkg.com/fast-json-stable-stringify/-/fast-json-stable-stringify-2.1.0.tgz#874bf69c6f404c2b5d99c481341399fd55892633"

figlet@^1.1.1:
  version "1.5.2"
  resolved "https://registry.npmjs.org/figlet/-/figlet-1.5.2.tgz"

fill-range@^7.0.1:
  version "7.0.1"
  resolved "https://registry.npmjs.org/fill-range/-/fill-range-7.0.1.tgz"
  dependencies:
    to-regex-range "^5.0.1"

finalhandler@~1.1.2:
  version "1.1.2"
  resolved "https://registry.npmjs.org/finalhandler/-/finalhandler-1.1.2.tgz"
  dependencies:
    debug "2.6.9"
    encodeurl "~1.0.2"
    escape-html "~1.0.3"
    on-finished "~2.3.0"
    parseurl "~1.3.3"
    statuses "~1.5.0"
    unpipe "~1.0.0"

forwarded@0.2.0:
  version "0.2.0"
  resolved "https://registry.npmjs.org/forwarded/-/forwarded-0.2.0.tgz"

fresh@0.5.2:
  version "0.5.2"
  resolved "https://registry.npmjs.org/fresh/-/fresh-0.5.2.tgz"

fs.realpath@^1.0.0:
  version "1.0.0"
  resolved "https://registry.npmjs.org/fs.realpath/-/fs.realpath-1.0.0.tgz"

fsevents@~2.3.2:
  version "2.3.2"
  resolved "https://registry.yarnpkg.com/fsevents/-/fsevents-2.3.2.tgz#8a526f78b8fdf4623b709e0b975c52c24c02fd1a"

function-bind@^1.1.1:
  version "1.1.1"
  resolved "https://registry.npmjs.org/function-bind/-/function-bind-1.1.1.tgz"

get-caller-file@^2.0.5:
  version "2.0.5"
  resolved "https://registry.npmjs.org/get-caller-file/-/get-caller-file-2.0.5.tgz"

glob-parent@~5.1.2:
  version "5.1.2"
  resolved "https://registry.npmjs.org/glob-parent/-/glob-parent-5.1.2.tgz"
  dependencies:
    is-glob "^4.0.1"

glob@^7.1.3, glob@^7.1.6:
  version "7.2.0"
  resolved "https://registry.npmjs.org/glob/-/glob-7.2.0.tgz"
  dependencies:
    fs.realpath "^1.0.0"
    inflight "^1.0.4"
    inherits "2"
    minimatch "^3.0.4"
    once "^1.3.0"
    path-is-absolute "^1.0.0"

graphql-query-complexity@^0.7.0:
  version "0.7.2"
  resolved "https://registry.npmjs.org/graphql-query-complexity/-/graphql-query-complexity-0.7.2.tgz"
  dependencies:
    lodash.get "^4.4.2"

graphql-subscriptions@^1.1.0:
  version "1.2.1"
  resolved "https://registry.npmjs.org/graphql-subscriptions/-/graphql-subscriptions-1.2.1.tgz"
  dependencies:
    iterall "^1.3.0"

graphql-tag@^2.11.0:
  version "2.12.6"
  resolved "https://registry.yarnpkg.com/graphql-tag/-/graphql-tag-2.12.6.tgz#d441a569c1d2537ef10ca3d1633b48725329b5f1"
  dependencies:
    tslib "^2.1.0"

graphql@^15.3.0:
  version "15.7.2"
  resolved "https://registry.npmjs.org/graphql/-/graphql-15.7.2.tgz"

has-ansi@^2.0.0:
  version "2.0.0"
  resolved "https://registry.npmjs.org/has-ansi/-/has-ansi-2.0.0.tgz"
  dependencies:
    ansi-regex "^2.0.0"

has-flag@^4.0.0:
  version "4.0.0"
  resolved "https://registry.npmjs.org/has-flag/-/has-flag-4.0.0.tgz"

has@^1.0.3:
  version "1.0.3"
  resolved "https://registry.npmjs.org/has/-/has-1.0.3.tgz"
  dependencies:
    function-bind "^1.1.1"

highlight.js@^10.7.1:
  version "10.7.3"
  resolved "https://registry.npmjs.org/highlight.js/-/highlight.js-10.7.3.tgz"

http-errors@1.7.2, http-errors@~1.7.2:
  version "1.7.2"
  resolved "https://registry.npmjs.org/http-errors/-/http-errors-1.7.2.tgz"
  dependencies:
    depd "~1.1.2"
    inherits "2.0.3"
    setprototypeof "1.1.1"
    statuses ">= 1.5.0 < 2"
    toidentifier "1.0.0"

iconv-lite@0.4.24:
  version "0.4.24"
  resolved "https://registry.npmjs.org/iconv-lite/-/iconv-lite-0.4.24.tgz"
  dependencies:
    safer-buffer ">= 2.1.2 < 3"

ieee754@^1.2.1:
  version "1.2.1"
  resolved "https://registry.npmjs.org/ieee754/-/ieee754-1.2.1.tgz"

inflight@^1.0.4:
  version "1.0.6"
  resolved "https://registry.npmjs.org/inflight/-/inflight-1.0.6.tgz"
  dependencies:
    once "^1.3.0"
    wrappy "1"

inherits@2, inherits@2.0.3, inherits@^2.0.3:
  version "2.0.3"
  resolved "https://registry.npmjs.org/inherits/-/inherits-2.0.3.tgz"

inherits@^2.0.1:
  version "2.0.4"
  resolved "https://registry.yarnpkg.com/inherits/-/inherits-2.0.4.tgz#0fa2c64f932917c3433a0ded55363aae37416b7c"

ipaddr.js@1.9.1:
  version "1.9.1"
  resolved "https://registry.npmjs.org/ipaddr.js/-/ipaddr.js-1.9.1.tgz"

is-binary-path@~2.1.0:
  version "2.1.0"
  resolved "https://registry.npmjs.org/is-binary-path/-/is-binary-path-2.1.0.tgz"
  dependencies:
    binary-extensions "^2.0.0"

is-core-module@^2.2.0:
  version "2.8.0"
  resolved "https://registry.npmjs.org/is-core-module/-/is-core-module-2.8.0.tgz"
  dependencies:
    has "^1.0.3"

is-extglob@^2.1.1:
  version "2.1.1"
  resolved "https://registry.npmjs.org/is-extglob/-/is-extglob-2.1.1.tgz"

is-fullwidth-code-point@^3.0.0:
  version "3.0.0"
  resolved "https://registry.npmjs.org/is-fullwidth-code-point/-/is-fullwidth-code-point-3.0.0.tgz"

is-glob@^4.0.1, is-glob@~4.0.1:
  version "4.0.3"
  resolved "https://registry.npmjs.org/is-glob/-/is-glob-4.0.3.tgz"
  dependencies:
    is-extglob "^2.1.1"

is-number@^7.0.0:
  version "7.0.0"
  resolved "https://registry.npmjs.org/is-number/-/is-number-7.0.0.tgz"

iterall@^1.3.0:
  version "1.3.0"
  resolved "https://registry.npmjs.org/iterall/-/iterall-1.3.0.tgz"

js-yaml@^4.0.0:
  version "4.1.0"
  resolved "https://registry.npmjs.org/js-yaml/-/js-yaml-4.1.0.tgz"
  dependencies:
    argparse "^2.0.1"

libphonenumber-js@^1.9.7:
  version "1.9.41"
  resolved "https://registry.npmjs.org/libphonenumber-js/-/libphonenumber-js-1.9.41.tgz"

lodash.get@^4.4.2:
  version "4.4.2"
  resolved "https://registry.npmjs.org/lodash.get/-/lodash.get-4.4.2.tgz"

lodash.sortby@^4.7.0:
  version "4.7.0"
  resolved "https://registry.yarnpkg.com/lodash.sortby/-/lodash.sortby-4.7.0.tgz#edd14c824e2cc9c1e0b0a1b42bb5210516a42438"

loglevel@^1.6.8:
  version "1.8.0"
  resolved "https://registry.yarnpkg.com/loglevel/-/loglevel-1.8.0.tgz#e7ec73a57e1e7b419cb6c6ac06bf050b67356114"

long@^4.0.0:
  version "4.0.0"
  resolved "https://registry.yarnpkg.com/long/-/long-4.0.0.tgz#9a7b71cfb7d361a194ea555241c92f7468d5bf28"

lru-cache@^6.0.0:
  version "6.0.0"
  resolved "https://registry.yarnpkg.com/lru-cache/-/lru-cache-6.0.0.tgz#6d6fe6570ebd96aaf90fcad1dafa3b2566db3a94"
  dependencies:
    yallist "^4.0.0"

lru-cache@^7.10.1:
  version "7.14.1"
  resolved "https://registry.yarnpkg.com/lru-cache/-/lru-cache-7.14.1.tgz#8da8d2f5f59827edb388e63e459ac23d6d408fea"

make-error@^1.1.1:
  version "1.3.6"
  resolved "https://registry.npmjs.org/make-error/-/make-error-1.3.6.tgz"

media-typer@0.3.0:
  version "0.3.0"
  resolved "https://registry.npmjs.org/media-typer/-/media-typer-0.3.0.tgz"

merge-descriptors@1.0.1:
  version "1.0.1"
  resolved "https://registry.npmjs.org/merge-descriptors/-/merge-descriptors-1.0.1.tgz"

methods@~1.1.2:
  version "1.1.2"
  resolved "https://registry.npmjs.org/methods/-/methods-1.1.2.tgz"

mime-db@1.50.0:
  version "1.50.0"
  resolved "https://registry.npmjs.org/mime-db/-/mime-db-1.50.0.tgz"

mime-types@~2.1.24:
  version "2.1.33"
  resolved "https://registry.npmjs.org/mime-types/-/mime-types-2.1.33.tgz"
  dependencies:
    mime-db "1.50.0"

mime@1.6.0:
  version "1.6.0"
  resolved "https://registry.npmjs.org/mime/-/mime-1.6.0.tgz"

minimatch@^3.0.4:
  version "3.0.4"
  resolved "https://registry.npmjs.org/minimatch/-/minimatch-3.0.4.tgz"
  dependencies:
    brace-expansion "^1.1.7"

minimist@^1.2.5:
  version "1.2.5"
  resolved "https://registry.npmjs.org/minimist/-/minimist-1.2.5.tgz"

mkdirp@^1.0.4:
  version "1.0.4"
  resolved "https://registry.npmjs.org/mkdirp/-/mkdirp-1.0.4.tgz"

ms@2.0.0:
  version "2.0.0"
  resolved "https://registry.npmjs.org/ms/-/ms-2.0.0.tgz"

ms@2.1.1:
  version "2.1.1"
  resolved "https://registry.npmjs.org/ms/-/ms-2.1.1.tgz"

ms@2.1.2:
  version "2.1.2"
  resolved "https://registry.npmjs.org/ms/-/ms-2.1.2.tgz"

mz@^2.4.0:
  version "2.7.0"
  resolved "https://registry.npmjs.org/mz/-/mz-2.7.0.tgz"
  dependencies:
    any-promise "^1.0.0"
    object-assign "^4.0.1"
    thenify-all "^1.0.0"

negotiator@0.6.2:
  version "0.6.2"
  resolved "https://registry.npmjs.org/negotiator/-/negotiator-0.6.2.tgz"

node-abort-controller@^3.0.1:
  version "3.0.1"
  resolved "https://registry.yarnpkg.com/node-abort-controller/-/node-abort-controller-3.0.1.tgz#f91fa50b1dee3f909afabb7e261b1e1d6b0cb74e"

node-fetch@^2.6.7:
  version "2.6.7"
  resolved "https://registry.yarnpkg.com/node-fetch/-/node-fetch-2.6.7.tgz#24de9fba827e3b4ae44dc8b20256a379160052ad"
  dependencies:
    whatwg-url "^5.0.0"

normalize-path@^3.0.0, normalize-path@~3.0.0:
  version "3.0.0"
  resolved "https://registry.npmjs.org/normalize-path/-/normalize-path-3.0.0.tgz"

object-assign@^4, object-assign@^4.0.1:
  version "4.1.1"
  resolved "https://registry.npmjs.org/object-assign/-/object-assign-4.1.1.tgz"

on-finished@~2.3.0:
  version "2.3.0"
  resolved "https://registry.npmjs.org/on-finished/-/on-finished-2.3.0.tgz"
  dependencies:
    ee-first "1.1.1"

once@^1.3.0:
  version "1.4.0"
  resolved "https://registry.npmjs.org/once/-/once-1.4.0.tgz"
  dependencies:
    wrappy "1"

packet-reader@1.0.0:
  version "1.0.0"
  resolved "https://registry.npmjs.org/packet-reader/-/packet-reader-1.0.0.tgz"

parent-require@^1.0.0:
  version "1.0.0"
  resolved "https://registry.npmjs.org/parent-require/-/parent-require-1.0.0.tgz"

parse5-htmlparser2-tree-adapter@^6.0.0:
  version "6.0.1"
  resolved "https://registry.npmjs.org/parse5-htmlparser2-tree-adapter/-/parse5-htmlparser2-tree-adapter-6.0.1.tgz"
  dependencies:
    parse5 "^6.0.1"

parse5@^5.1.1:
  version "5.1.1"
  resolved "https://registry.npmjs.org/parse5/-/parse5-5.1.1.tgz"

parse5@^6.0.1:
  version "6.0.1"
  resolved "https://registry.npmjs.org/parse5/-/parse5-6.0.1.tgz"

parseurl@^1.3.3, parseurl@~1.3.3:
  version "1.3.3"
  resolved "https://registry.npmjs.org/parseurl/-/parseurl-1.3.3.tgz"

path-is-absolute@^1.0.0:
  version "1.0.1"
  resolved "https://registry.npmjs.org/path-is-absolute/-/path-is-absolute-1.0.1.tgz"

path-parse@^1.0.6:
  version "1.0.7"
  resolved "https://registry.npmjs.org/path-parse/-/path-parse-1.0.7.tgz"

path-to-regexp@0.1.7:
  version "0.1.7"
  resolved "https://registry.npmjs.org/path-to-regexp/-/path-to-regexp-0.1.7.tgz"

pg-connection-string@^2.5.0:
  version "2.5.0"
  resolved "https://registry.npmjs.org/pg-connection-string/-/pg-connection-string-2.5.0.tgz"

pg-int8@1.0.1:
  version "1.0.1"
  resolved "https://registry.npmjs.org/pg-int8/-/pg-int8-1.0.1.tgz"

pg-pool@^3.4.1:
  version "3.4.1"
  resolved "https://registry.npmjs.org/pg-pool/-/pg-pool-3.4.1.tgz"

pg-protocol@^1.5.0:
  version "1.5.0"
  resolved "https://registry.npmjs.org/pg-protocol/-/pg-protocol-1.5.0.tgz"

pg-types@^2.1.0:
  version "2.2.0"
  resolved "https://registry.npmjs.org/pg-types/-/pg-types-2.2.0.tgz"
  dependencies:
    pg-int8 "1.0.1"
    postgres-array "~2.0.0"
    postgres-bytea "~1.0.0"
    postgres-date "~1.0.4"
    postgres-interval "^1.1.0"

pg@^8.7.1:
  version "8.7.1"
  resolved "https://registry.npmjs.org/pg/-/pg-8.7.1.tgz"
  dependencies:
    buffer-writer "2.0.0"
    packet-reader "1.0.0"
    pg-connection-string "^2.5.0"
    pg-pool "^3.4.1"
    pg-protocol "^1.5.0"
    pg-types "^2.1.0"
    pgpass "1.x"

pgpass@1.x:
  version "1.0.4"
  resolved "https://registry.npmjs.org/pgpass/-/pgpass-1.0.4.tgz"
  dependencies:
    split2 "^3.1.1"

picomatch@^2.0.4, picomatch@^2.2.1:
  version "2.3.0"
  resolved "https://registry.npmjs.org/picomatch/-/picomatch-2.3.0.tgz"

postgres-array@~2.0.0:
  version "2.0.0"
  resolved "https://registry.npmjs.org/postgres-array/-/postgres-array-2.0.0.tgz"

postgres-bytea@~1.0.0:
  version "1.0.0"
  resolved "https://registry.npmjs.org/postgres-bytea/-/postgres-bytea-1.0.0.tgz"

postgres-date@~1.0.4:
  version "1.0.7"
  resolved "https://registry.npmjs.org/postgres-date/-/postgres-date-1.0.7.tgz"

postgres-interval@^1.1.0:
  version "1.2.0"
  resolved "https://registry.npmjs.org/postgres-interval/-/postgres-interval-1.2.0.tgz"
  dependencies:
    xtend "^4.0.0"

proxy-addr@~2.0.5:
  version "2.0.7"
  resolved "https://registry.npmjs.org/proxy-addr/-/proxy-addr-2.0.7.tgz"
  dependencies:
    forwarded "0.2.0"
    ipaddr.js "1.9.1"

qs@6.7.0:
  version "6.7.0"
  resolved "https://registry.npmjs.org/qs/-/qs-6.7.0.tgz"

range-parser@~1.2.1:
  version "1.2.1"
  resolved "https://registry.npmjs.org/range-parser/-/range-parser-1.2.1.tgz"

raw-body@2.4.0:
  version "2.4.0"
  resolved "https://registry.npmjs.org/raw-body/-/raw-body-2.4.0.tgz"
  dependencies:
    bytes "3.1.0"
    http-errors "1.7.2"
    iconv-lite "0.4.24"
    unpipe "1.0.0"

readable-stream@^3.0.0:
  version "3.6.0"
  resolved "https://registry.npmjs.org/readable-stream/-/readable-stream-3.6.0.tgz"
  dependencies:
    inherits "^2.0.3"
    string_decoder "^1.1.1"
    util-deprecate "^1.0.1"

readdirp@~3.6.0:
  version "3.6.0"
  resolved "https://registry.npmjs.org/readdirp/-/readdirp-3.6.0.tgz"
  dependencies:
    picomatch "^2.2.1"

reflect-metadata@^0.1.13:
  version "0.1.13"
  resolved "https://registry.npmjs.org/reflect-metadata/-/reflect-metadata-0.1.13.tgz"

require-directory@^2.1.1:
  version "2.1.1"
  resolved "https://registry.npmjs.org/require-directory/-/require-directory-2.1.1.tgz"

resolve@^1.0.0:
  version "1.20.0"
  resolved "https://registry.npmjs.org/resolve/-/resolve-1.20.0.tgz"
  dependencies:
    is-core-module "^2.2.0"
    path-parse "^1.0.6"

retry@0.13.1:
  version "0.13.1"
  resolved "https://registry.yarnpkg.com/retry/-/retry-0.13.1.tgz#185b1587acf67919d63b357349e03537b2484658"

rimraf@^2.6.1:
  version "2.7.1"
  resolved "https://registry.npmjs.org/rimraf/-/rimraf-2.7.1.tgz"
  dependencies:
    glob "^7.1.3"

safe-buffer@5.1.2:
  version "5.1.2"
  resolved "https://registry.npmjs.org/safe-buffer/-/safe-buffer-5.1.2.tgz"

safe-buffer@^5.0.1, safe-buffer@~5.2.0:
  version "5.2.1"
  resolved "https://registry.yarnpkg.com/safe-buffer/-/safe-buffer-5.2.1.tgz#1eaf9fa9bdb1fdd4ec75f58f9cdb4e6b7827eec6"

"safer-buffer@>= 2.1.2 < 3":
  version "2.1.2"
  resolved "https://registry.npmjs.org/safer-buffer/-/safer-buffer-2.1.2.tgz"

sax@>=0.6.0:
  version "1.2.4"
  resolved "https://registry.npmjs.org/sax/-/sax-1.2.4.tgz"

semver@^7.3.2:
  version "7.3.5"
  resolved "https://registry.npmjs.org/semver/-/semver-7.3.5.tgz"
  dependencies:
    lru-cache "^6.0.0"

send@0.17.1:
  version "0.17.1"
  resolved "https://registry.npmjs.org/send/-/send-0.17.1.tgz"
  dependencies:
    debug "2.6.9"
    depd "~1.1.2"
    destroy "~1.0.4"
    encodeurl "~1.0.2"
    escape-html "~1.0.3"
    etag "~1.8.1"
    fresh "0.5.2"
    http-errors "~1.7.2"
    mime "1.6.0"
    ms "2.1.1"
    on-finished "~2.3.0"
    range-parser "~1.2.1"
    statuses "~1.5.0"

serve-static@1.14.1:
  version "1.14.1"
  resolved "https://registry.npmjs.org/serve-static/-/serve-static-1.14.1.tgz"
  dependencies:
    encodeurl "~1.0.2"
    escape-html "~1.0.3"
    parseurl "~1.3.3"
    send "0.17.1"

setprototypeof@1.1.1:
  version "1.1.1"
  resolved "https://registry.npmjs.org/setprototypeof/-/setprototypeof-1.1.1.tgz"

sha.js@^2.4.11:
  version "2.4.11"
  resolved "https://registry.yarnpkg.com/sha.js/-/sha.js-2.4.11.tgz#37a5cf0b81ecbc6943de109ba2960d1b26584ae7"
  dependencies:
    inherits "^2.0.1"
    safe-buffer "^5.0.1"

source-map-support@^0.5.12, source-map-support@^0.5.17:
  version "0.5.20"
  resolved "https://registry.npmjs.org/source-map-support/-/source-map-support-0.5.20.tgz"
  dependencies:
    buffer-from "^1.0.0"
    source-map "^0.6.0"

source-map@^0.6.0:
  version "0.6.1"
  resolved "https://registry.npmjs.org/source-map/-/source-map-0.6.1.tgz"

split2@^3.1.1:
  version "3.2.2"
  resolved "https://registry.npmjs.org/split2/-/split2-3.2.2.tgz"
  dependencies:
    readable-stream "^3.0.0"

"statuses@>= 1.5.0 < 2", statuses@~1.5.0:
  version "1.5.0"
  resolved "https://registry.npmjs.org/statuses/-/statuses-1.5.0.tgz"

string-width@^4.1.0, string-width@^4.2.0:
  version "4.2.3"
  resolved "https://registry.npmjs.org/string-width/-/string-width-4.2.3.tgz"
  dependencies:
    emoji-regex "^8.0.0"
    is-fullwidth-code-point "^3.0.0"
    strip-ansi "^6.0.1"

string_decoder@^1.1.1:
  version "1.3.0"
  resolved "https://registry.npmjs.org/string_decoder/-/string_decoder-1.3.0.tgz"
  dependencies:
    safe-buffer "~5.2.0"

strip-ansi@^3.0.0:
  version "3.0.1"
  resolved "https://registry.npmjs.org/strip-ansi/-/strip-ansi-3.0.1.tgz"
  dependencies:
    ansi-regex "^2.0.0"

strip-ansi@^6.0.0, strip-ansi@^6.0.1:
  version "6.0.1"
  resolved "https://registry.npmjs.org/strip-ansi/-/strip-ansi-6.0.1.tgz"
  dependencies:
    ansi-regex "^5.0.1"

strip-bom@^3.0.0:
  version "3.0.0"
  resolved "https://registry.npmjs.org/strip-bom/-/strip-bom-3.0.0.tgz"

strip-json-comments@^2.0.0:
  version "2.0.1"
  resolved "https://registry.npmjs.org/strip-json-comments/-/strip-json-comments-2.0.1.tgz"

supports-color@^2.0.0:
  version "2.0.0"
  resolved "https://registry.npmjs.org/supports-color/-/supports-color-2.0.0.tgz"

supports-color@^7.1.0:
  version "7.2.0"
  resolved "https://registry.npmjs.org/supports-color/-/supports-color-7.2.0.tgz"
  dependencies:
    has-flag "^4.0.0"

thenify-all@^1.0.0:
  version "1.6.0"
  resolved "https://registry.npmjs.org/thenify-all/-/thenify-all-1.6.0.tgz"
  dependencies:
    thenify ">= 3.1.0 < 4"

"thenify@>= 3.1.0 < 4":
  version "3.3.1"
  resolved "https://registry.npmjs.org/thenify/-/thenify-3.3.1.tgz"
  dependencies:
    any-promise "^1.0.0"

to-regex-range@^5.0.1:
  version "5.0.1"
  resolved "https://registry.npmjs.org/to-regex-range/-/to-regex-range-5.0.1.tgz"
  dependencies:
    is-number "^7.0.0"

toidentifier@1.0.0:
  version "1.0.0"
  resolved "https://registry.npmjs.org/toidentifier/-/toidentifier-1.0.0.tgz"

tr46@~0.0.3:
  version "0.0.3"
  resolved "https://registry.yarnpkg.com/tr46/-/tr46-0.0.3.tgz#8184fd347dac9cdc185992f3a6622e14b9d9ab6a"

tree-kill@^1.2.2:
  version "1.2.2"
  resolved "https://registry.npmjs.org/tree-kill/-/tree-kill-1.2.2.tgz"

ts-node-dev@^1.1.8:
  version "1.1.8"
  resolved "https://registry.npmjs.org/ts-node-dev/-/ts-node-dev-1.1.8.tgz"
  dependencies:
    chokidar "^3.5.1"
    dynamic-dedupe "^0.3.0"
    minimist "^1.2.5"
    mkdirp "^1.0.4"
    resolve "^1.0.0"
    rimraf "^2.6.1"
    source-map-support "^0.5.12"
    tree-kill "^1.2.2"
    ts-node "^9.0.0"
    tsconfig "^7.0.0"

ts-node@^9.0.0:
  version "9.1.1"
  resolved "https://registry.npmjs.org/ts-node/-/ts-node-9.1.1.tgz"
  dependencies:
    arg "^4.1.0"
    create-require "^1.1.0"
    diff "^4.0.1"
    make-error "^1.1.1"
    source-map-support "^0.5.17"
    yn "3.1.1"

tsconfig@^7.0.0:
  version "7.0.0"
  resolved "https://registry.npmjs.org/tsconfig/-/tsconfig-7.0.0.tgz"
  dependencies:
    "@types/strip-bom" "^3.0.0"
    "@types/strip-json-comments" "0.0.30"
    strip-bom "^3.0.0"
    strip-json-comments "^2.0.0"

tslib@^2.0.1:
  version "2.3.1"
  resolved "https://registry.npmjs.org/tslib/-/tslib-2.3.1.tgz"

tslib@^2.1.0, tslib@^2.4.0:
  version "2.4.1"
  resolved "https://registry.yarnpkg.com/tslib/-/tslib-2.4.1.tgz#0d0bfbaac2880b91e22df0768e55be9753a5b17e"

type-graphql@^1.1.1:
  version "1.1.1"
  resolved "https://registry.npmjs.org/type-graphql/-/type-graphql-1.1.1.tgz"
  dependencies:
    "@types/glob" "^7.1.3"
    "@types/node" "*"
    "@types/semver" "^7.3.3"
    glob "^7.1.6"
    graphql-query-complexity "^0.7.0"
    graphql-subscriptions "^1.1.0"
    semver "^7.3.2"
    tslib "^2.0.1"

type-is@~1.6.17, type-is@~1.6.18:
  version "1.6.18"
  resolved "https://registry.npmjs.org/type-is/-/type-is-1.6.18.tgz"
  dependencies:
    media-typer "0.3.0"
    mime-types "~2.1.24"

typeorm@^0.2.38:
  version "0.2.38"
  resolved "https://registry.npmjs.org/typeorm/-/typeorm-0.2.38.tgz"
  dependencies:
    "@sqltools/formatter" "^1.2.2"
    app-root-path "^3.0.0"
    buffer "^6.0.3"
    chalk "^4.1.0"
    cli-highlight "^2.1.11"
    debug "^4.3.1"
    dotenv "^8.2.0"
    glob "^7.1.6"
    js-yaml "^4.0.0"
    mkdirp "^1.0.4"
    reflect-metadata "^0.1.13"
    sha.js "^2.4.11"
    tslib "^2.1.0"
    xml2js "^0.4.23"
    yargonaut "^1.1.4"
    yargs "^17.0.1"
    zen-observable-ts "^1.0.0"

typescript@^4.4.4:
  version "4.4.4"
  resolved "https://registry.npmjs.org/typescript/-/typescript-4.4.4.tgz"

unpipe@1.0.0, unpipe@~1.0.0:
  version "1.0.0"
  resolved "https://registry.npmjs.org/unpipe/-/unpipe-1.0.0.tgz"

util-deprecate@^1.0.1:
  version "1.0.2"
  resolved "https://registry.npmjs.org/util-deprecate/-/util-deprecate-1.0.2.tgz"

utils-merge@1.0.1:
  version "1.0.1"
  resolved "https://registry.npmjs.org/utils-merge/-/utils-merge-1.0.1.tgz"

uuid@^9.0.0:
  version "9.0.0"
  resolved "https://registry.yarnpkg.com/uuid/-/uuid-9.0.0.tgz#592f550650024a38ceb0c562f2f6aa435761efb5"

validator@^13.5.2:
  version "13.7.0"
  resolved "https://registry.npmjs.org/validator/-/validator-13.7.0.tgz"

value-or-promise@1.0.11:
  version "1.0.11"
  resolved "https://registry.yarnpkg.com/value-or-promise/-/value-or-promise-1.0.11.tgz#3e90299af31dd014fe843fe309cefa7c1d94b140"

vary@^1, vary@~1.1.2:
  version "1.1.2"
  resolved "https://registry.npmjs.org/vary/-/vary-1.1.2.tgz"

webidl-conversions@^3.0.0:
  version "3.0.1"
  resolved "https://registry.yarnpkg.com/webidl-conversions/-/webidl-conversions-3.0.1.tgz#24534275e2a7bc6be7bc86611cc16ae0a5654871"

whatwg-mimetype@^3.0.0:
  version "3.0.0"
  resolved "https://registry.yarnpkg.com/whatwg-mimetype/-/whatwg-mimetype-3.0.0.tgz#5fa1a7623867ff1af6ca3dc72ad6b8a4208beba7"

whatwg-url@^5.0.0:
  version "5.0.0"
  resolved "https://registry.yarnpkg.com/whatwg-url/-/whatwg-url-5.0.0.tgz#966454e8765462e37644d3626f6742ce8b70965d"
  dependencies:
    tr46 "~0.0.3"
    webidl-conversions "^3.0.0"

wrap-ansi@^7.0.0:
  version "7.0.0"
  resolved "https://registry.npmjs.org/wrap-ansi/-/wrap-ansi-7.0.0.tgz"
  dependencies:
    ansi-styles "^4.0.0"
    string-width "^4.1.0"
    strip-ansi "^6.0.0"

wrappy@1:
  version "1.0.2"
  resolved "https://registry.npmjs.org/wrappy/-/wrappy-1.0.2.tgz"

xml2js@^0.4.23:
  version "0.4.23"
  resolved "https://registry.npmjs.org/xml2js/-/xml2js-0.4.23.tgz"
  dependencies:
    sax ">=0.6.0"
    xmlbuilder "~11.0.0"

xmlbuilder@~11.0.0:
  version "11.0.1"
  resolved "https://registry.npmjs.org/xmlbuilder/-/xmlbuilder-11.0.1.tgz"

xss@^1.0.8:
  version "1.0.14"
  resolved "https://registry.yarnpkg.com/xss/-/xss-1.0.14.tgz#4f3efbde75ad0d82e9921cc3c95e6590dd336694"
  dependencies:
    commander "^2.20.3"
    cssfilter "0.0.10"

xtend@^4.0.0:
  version "4.0.2"
  resolved "https://registry.npmjs.org/xtend/-/xtend-4.0.2.tgz"

y18n@^5.0.5:
  version "5.0.8"
  resolved "https://registry.npmjs.org/y18n/-/y18n-5.0.8.tgz"

yallist@^4.0.0:
  version "4.0.0"
  resolved "https://registry.yarnpkg.com/yallist/-/yallist-4.0.0.tgz#9bb92790d9c0effec63be73519e11a35019a3a72"

yargonaut@^1.1.4:
  version "1.1.4"
  resolved "https://registry.npmjs.org/yargonaut/-/yargonaut-1.1.4.tgz"
  dependencies:
    chalk "^1.1.1"
    figlet "^1.1.1"
    parent-require "^1.0.0"

yargs-parser@^20.2.2:
  version "20.2.9"
  resolved "https://registry.npmjs.org/yargs-parser/-/yargs-parser-20.2.9.tgz"

yargs@^16.0.0:
  version "16.2.0"
  resolved "https://registry.npmjs.org/yargs/-/yargs-16.2.0.tgz"
  dependencies:
    cliui "^7.0.2"
    escalade "^3.1.1"
    get-caller-file "^2.0.5"
    require-directory "^2.1.1"
    string-width "^4.2.0"
    y18n "^5.0.5"
    yargs-parser "^20.2.2"

yargs@^17.0.1:
  version "17.2.1"
  resolved "https://registry.npmjs.org/yargs/-/yargs-17.2.1.tgz"
  dependencies:
    cliui "^7.0.2"
    escalade "^3.1.1"
    get-caller-file "^2.0.5"
    require-directory "^2.1.1"
    string-width "^4.2.0"
    y18n "^5.0.5"
    yargs-parser "^20.2.2"

yn@3.1.1:
  version "3.1.1"
  resolved "https://registry.npmjs.org/yn/-/yn-3.1.1.tgz"

zen-observable-ts@^1.0.0:
  version "1.1.0"
  resolved "https://registry.npmjs.org/zen-observable-ts/-/zen-observable-ts-1.1.0.tgz"
  dependencies:
    "@types/zen-observable" "0.8.3"
    zen-observable "0.8.15"

zen-observable@0.8.15:
  version "0.8.15"
  resolved "https://registry.npmjs.org/zen-observable/-/zen-observable-0.8.15.tgz"
