# THIS IS AN AUTOGENERATED FILE. DO NOT EDIT THIS FILE DIRECTLY.
# yarn lockfile v1


axios@^0.21.1:
  version "0.21.1"
  resolved "https://registry.yarnpkg.com/axios/-/axios-0.21.1.tgz#22563481962f4d6bde9a76d516ef0e5d3c09b2b8"
  integrity sha512-dKQiRHxGD9PPRIUNIWvZhPTPpl1rf/OxTYKsqKUDjBwYylTvV7SjSHJb9ratfyzM6wCdLCOYLzs73qpg5c4iGA==
  dependencies:
    follow-redirects "^1.10.0"

follow-redirects@^1.10.0:
  version "1.14.3"
  resolved "https://registry.yarnpkg.com/follow-redirects/-/follow-redirects-1.14.3.tgz#6ada78118d8d24caee595595accdc0ac6abd022e"
  integrity sha512-3MkHxknWMUtb23apkgz/83fDoe+y+qr0TdgacGIA7bew+QLBo3vdgEN2xEsuXNivpFy4CyDhBBZnNZOtalmenw==

ws@^8.2.1:
  version "8.2.1"
  resolved "https://registry.yarnpkg.com/ws/-/ws-8.2.1.tgz#bdd92b3c56fdb47d2379b5ae534281922cc5bd12"
  integrity sha512-XkgWpJU3sHU7gX8f13NqTn6KQ85bd1WU7noBHTT8fSohx7OS1TPY8k+cyRPCzFkia7C4mM229yeHr1qK9sM4JQ==
