# THIS IS AN AUTOGENERATED FILE. DO NOT EDIT THIS FILE DIRECTLY.
# yarn lockfile v1


nodemailer@^6.4.6:
  version "6.4.6"
  resolved "https://registry.yarnpkg.com/nodemailer/-/nodemailer-6.4.6.tgz#d37f504f6560b36616f646a606894fe18819107f"
  integrity sha512-/kJ+FYVEm2HuUlw87hjSqTss+GU35D4giOpdSfGp7DO+5h6RlJj7R94YaYHOkoxu1CSaM0d3WRBtCzwXrY6MKA==
